
Microsoft Visual Studio Solution File, Format Version 12.00
# Visual Studio 2013
VisualStudioVersion = 12.0.21005.1
MinimumVisualStudioVersion = 10.0.40219.1
Project("{FAE04EC0-301F-11D3-BF4B-00C04F79EFBC}") = "XmlPurchaser", "Ris7\XmlPurchaser.csproj", "{5F7381E7-F31E-400C-B221-BE62BCC7952E}"
EndProject
Global
	GlobalSection(SolutionConfigurationPlatforms) = preSolution
		Debug|Any CPU = Debug|Any CPU
		Release|Any CPU = Release|Any CPU
	EndGlobalSection
	GlobalSection(ProjectConfigurationPlatforms) = postSolution
		{5F7381E7-F31E-400C-B221-BE62BCC7952E}.Debug|Any CPU.ActiveCfg = Debug|Any CPU
		{5F7381E7-F31E-400C-B221-BE62BCC7952E}.Debug|Any CPU.Build.0 = Debug|Any CPU
		{5F7381E7-F31E-400C-B221-BE62BCC7952E}.Release|Any CPU.ActiveCfg = Release|Any CPU
		{5F7381E7-F31E-400C-B221-BE62BCC7952E}.Release|Any CPU.Build.0 = Release|Any CPU
	EndGlobalSection
	GlobalSection(SolutionProperties) = preSolution
		HideSolutionNode = FALSE
	EndGlobalSection
	GlobalSection(ExtensibilityGlobals) = postSolution
		SolutionGuid = {1B96AD60-E376-40CD-92D0-FE303CC661F3}
	EndGlobalSection
EndGlobal
